
Microsoft Visual Studio Solution File, Format Version 12.00
# Visual Studio Version 17
VisualStudioVersion = 17.4.33103.184
MinimumVisualStudioVersion = 10.0.40219.1
Project("{FAE04EC0-301F-11D3-BF4B-00C04F79EFBC}") = "1.DAL", "1.DAL\1.DAL.csproj", "{3A74C6A6-1B9A-4393-8EDF-C6A383E10EC4}"
EndProject
Project("{FAE04EC0-301F-11D3-BF4B-00C04F79EFBC}") = "2.BUS", "2.BUS\2.BUS.csproj", "{1851036F-0887-4FB3-AA3B-AAB92ADAC835}"
EndProject
Project("{FAE04EC0-301F-11D3-BF4B-00C04F79EFBC}") = "3.PL", "3.PL\3.PL.csproj", "{B1173B86-6D7F-467A-B1E6-547C01669334}"
EndProject
Global
	GlobalSection(SolutionConfigurationPlatforms) = preSolution
		Debug|Any CPU = Debug|Any CPU
		Release|Any CPU = Release|Any CPU
	EndGlobalSection
	GlobalSection(ProjectConfigurationPlatforms) = postSolution
		{3A74C6A6-1B9A-4393-8EDF-C6A383E10EC4}.Debug|Any CPU.ActiveCfg = Debug|Any CPU
		{3A74C6A6-1B9A-4393-8EDF-C6A383E10EC4}.Debug|Any CPU.Build.0 = Debug|Any CPU
		{3A74C6A6-1B9A-4393-8EDF-C6A383E10EC4}.Release|Any CPU.ActiveCfg = Release|Any CPU
		{3A74C6A6-1B9A-4393-8EDF-C6A383E10EC4}.Release|Any CPU.Build.0 = Release|Any CPU
		{1851036F-0887-4FB3-AA3B-AAB92ADAC835}.Debug|Any CPU.ActiveCfg = Debug|Any CPU
		{1851036F-0887-4FB3-AA3B-AAB92ADAC835}.Debug|Any CPU.Build.0 = Debug|Any CPU
		{1851036F-0887-4FB3-AA3B-AAB92ADAC835}.Release|Any CPU.ActiveCfg = Release|Any CPU
		{1851036F-0887-4FB3-AA3B-AAB92ADAC835}.Release|Any CPU.Build.0 = Release|Any CPU
		{B1173B86-6D7F-467A-B1E6-547C01669334}.Debug|Any CPU.ActiveCfg = Debug|Any CPU
		{B1173B86-6D7F-467A-B1E6-547C01669334}.Debug|Any CPU.Build.0 = Debug|Any CPU
		{B1173B86-6D7F-467A-B1E6-547C01669334}.Release|Any CPU.ActiveCfg = Release|Any CPU
		{B1173B86-6D7F-467A-B1E6-547C01669334}.Release|Any CPU.Build.0 = Release|Any CPU
	EndGlobalSection
	GlobalSection(SolutionProperties) = preSolution
		HideSolutionNode = FALSE
	EndGlobalSection
	GlobalSection(ExtensibilityGlobals) = postSolution
		SolutionGuid = {233A3E29-BF29-4086-8097-2CE8587FA4E3}
	EndGlobalSection
EndGlobal
